<Solution>
  <Folder Name="/Solution Items/">
    <File Path="CLAUDE.md" />
    <File Path="README.md" />
  </Folder>
  <Project Path="Personal Blog Application/Personal Blog Application.csproj" />
  <Project Path="Personal Blog Application.Tests/Personal Blog Application.Tests.csproj" />
</Solution>
